
Microsoft Visual Studio Solution File, Format Version 11.00
# Visual Studio 2010
Project("{FAE04EC0-301F-11D3-BF4B-00C04F79EFBC}") = "AttributesCodeInjector", "AttributesCodeInjector\AttributesCodeInjector.csproj", "{3133A510-9D04-4351-9E57-32A3E0CA18DE}"
EndProject
Project("{FAE04EC0-301F-11D3-BF4B-00C04F79EFBC}") = "MEFLogger", "MEFLogger\MEFLogger.csproj", "{D3A54FEF-EBCB-4FD0-B1CF-5E59E9F05FC0}"
EndProject
Project("{FAE04EC0-301F-11D3-BF4B-00C04F79EFBC}") = "MEFLoggerInterfaces", "MEFLoggerInterfaces\MEFLoggerInterfaces.csproj", "{2EEB4030-E155-42C0-AF6E-33979FB88060}"
EndProject
Project("{FAE04EC0-301F-11D3-BF4B-00C04F79EFBC}") = "MEFLoggerWpfWindow", "MEFLoggerWpfWindow\MEFLoggerWpfWindow.csproj", "{E3201C8C-3C16-4464-BC3E-3591C2C535E7}"
EndProject
Project("{2150E333-8FDC-42A3-9474-1A3956D46DE8}") = "MefLoggerTool", "MefLoggerTool", "{6DF0760B-6E01-4B1B-941E-81376D6D76C8}"
EndProject
Project("{FAE04EC0-301F-11D3-BF4B-00C04F79EFBC}") = "LogWinEvents", "LogWinEvents\LogWinEvents.csproj", "{4AD95573-994E-479D-8163-6BCEC05D88F1}"
EndProject
Global
	GlobalSection(TeamFoundationVersionControl) = preSolution
		SccNumberOfProjects = 6
		SccEnterpriseProvider = {4CA58AB2-18FA-4F8D-95D4-32DDF27D184C}
		SccTeamFoundationServer = https://tfs.codeplex.com/tfs/tfs14
		SccLocalPath0 = .
		SccProjectUniqueName1 = AttributesCodeInjector\\AttributesCodeInjector.csproj
		SccProjectName1 = AttributesCodeInjector
		SccLocalPath1 = AttributesCodeInjector
		SccProjectUniqueName2 = MEFLogger\\MEFLogger.csproj
		SccProjectTopLevelParentUniqueName2 = ImageNexus.BenScharbach.Common.sln
		SccProjectName2 = MEFLogger
		SccLocalPath2 = MEFLogger
		SccProjectUniqueName3 = MEFLoggerInterfaces\\MEFLoggerInterfaces.csproj
		SccProjectTopLevelParentUniqueName3 = ImageNexus.BenScharbach.Common.sln
		SccProjectName3 = MEFLoggerInterfaces
		SccLocalPath3 = MEFLoggerInterfaces
		SccProjectUniqueName4 = MEFLoggerWpfWindow\\MEFLoggerWpfWindow.csproj
		SccProjectTopLevelParentUniqueName4 = ImageNexus.BenScharbach.Common.sln
		SccProjectName4 = MEFLoggerWpfWindow
		SccLocalPath4 = MEFLoggerWpfWindow
		SccProjectUniqueName5 = LogWinEvents\\LogWinEvents.csproj
		SccProjectName5 = LogWinEvents
		SccLocalPath5 = LogWinEvents
	EndGlobalSection
	GlobalSection(SolutionConfigurationPlatforms) = preSolution
		CD_ROM|Any CPU = CD_ROM|Any CPU
		CD_ROM|Mixed Platforms = CD_ROM|Mixed Platforms
		CD_ROM|x86 = CD_ROM|x86
		Debug|Any CPU = Debug|Any CPU
		Debug|Mixed Platforms = Debug|Mixed Platforms
		Debug|x86 = Debug|x86
		DVD-5|Any CPU = DVD-5|Any CPU
		DVD-5|Mixed Platforms = DVD-5|Mixed Platforms
		DVD-5|x86 = DVD-5|x86
		Release|Any CPU = Release|Any CPU
		Release|Mixed Platforms = Release|Mixed Platforms
		Release|x86 = Release|x86
		SingleImage|Any CPU = SingleImage|Any CPU
		SingleImage|Mixed Platforms = SingleImage|Mixed Platforms
		SingleImage|x86 = SingleImage|x86
	EndGlobalSection
	GlobalSection(ProjectConfigurationPlatforms) = postSolution
		{3133A510-9D04-4351-9E57-32A3E0CA18DE}.CD_ROM|Any CPU.ActiveCfg = Release|x86
		{3133A510-9D04-4351-9E57-32A3E0CA18DE}.CD_ROM|Mixed Platforms.ActiveCfg = Release|x86
		{3133A510-9D04-4351-9E57-32A3E0CA18DE}.CD_ROM|Mixed Platforms.Build.0 = Release|x86
		{3133A510-9D04-4351-9E57-32A3E0CA18DE}.CD_ROM|x86.ActiveCfg = Release|x86
		{3133A510-9D04-4351-9E57-32A3E0CA18DE}.CD_ROM|x86.Build.0 = Release|x86
		{3133A510-9D04-4351-9E57-32A3E0CA18DE}.Debug|Any CPU.ActiveCfg = Debug|Any CPU
		{3133A510-9D04-4351-9E57-32A3E0CA18DE}.Debug|Any CPU.Build.0 = Debug|Any CPU
		{3133A510-9D04-4351-9E57-32A3E0CA18DE}.Debug|Mixed Platforms.ActiveCfg = Debug|x86
		{3133A510-9D04-4351-9E57-32A3E0CA18DE}.Debug|Mixed Platforms.Build.0 = Debug|x86
		{3133A510-9D04-4351-9E57-32A3E0CA18DE}.Debug|x86.ActiveCfg = Debug|x86
		{3133A510-9D04-4351-9E57-32A3E0CA18DE}.Debug|x86.Build.0 = Debug|x86
		{3133A510-9D04-4351-9E57-32A3E0CA18DE}.DVD-5|Any CPU.ActiveCfg = Debug|x86
		{3133A510-9D04-4351-9E57-32A3E0CA18DE}.DVD-5|Mixed Platforms.ActiveCfg = Debug|x86
		{3133A510-9D04-4351-9E57-32A3E0CA18DE}.DVD-5|Mixed Platforms.Build.0 = Debug|x86
		{3133A510-9D04-4351-9E57-32A3E0CA18DE}.DVD-5|x86.ActiveCfg = Debug|x86
		{3133A510-9D04-4351-9E57-32A3E0CA18DE}.DVD-5|x86.Build.0 = Debug|x86
		{3133A510-9D04-4351-9E57-32A3E0CA18DE}.Release|Any CPU.ActiveCfg = Release|Any CPU
		{3133A510-9D04-4351-9E57-32A3E0CA18DE}.Release|Any CPU.Build.0 = Release|Any CPU
		{3133A510-9D04-4351-9E57-32A3E0CA18DE}.Release|Mixed Platforms.ActiveCfg = Release|x86
		{3133A510-9D04-4351-9E57-32A3E0CA18DE}.Release|Mixed Platforms.Build.0 = Release|x86
		{3133A510-9D04-4351-9E57-32A3E0CA18DE}.Release|x86.ActiveCfg = Release|x86
		{3133A510-9D04-4351-9E57-32A3E0CA18DE}.Release|x86.Build.0 = Release|x86
		{3133A510-9D04-4351-9E57-32A3E0CA18DE}.SingleImage|Any CPU.ActiveCfg = Release|x86
		{3133A510-9D04-4351-9E57-32A3E0CA18DE}.SingleImage|Mixed Platforms.ActiveCfg = Release|x86
		{3133A510-9D04-4351-9E57-32A3E0CA18DE}.SingleImage|Mixed Platforms.Build.0 = Release|x86
		{3133A510-9D04-4351-9E57-32A3E0CA18DE}.SingleImage|x86.ActiveCfg = Release|x86
		{3133A510-9D04-4351-9E57-32A3E0CA18DE}.SingleImage|x86.Build.0 = Release|x86
		{D3A54FEF-EBCB-4FD0-B1CF-5E59E9F05FC0}.CD_ROM|Any CPU.ActiveCfg = Release|x86
		{D3A54FEF-EBCB-4FD0-B1CF-5E59E9F05FC0}.CD_ROM|Mixed Platforms.ActiveCfg = Release|x86
		{D3A54FEF-EBCB-4FD0-B1CF-5E59E9F05FC0}.CD_ROM|Mixed Platforms.Build.0 = Release|x86
		{D3A54FEF-EBCB-4FD0-B1CF-5E59E9F05FC0}.CD_ROM|x86.ActiveCfg = Release|x86
		{D3A54FEF-EBCB-4FD0-B1CF-5E59E9F05FC0}.CD_ROM|x86.Build.0 = Release|x86
		{D3A54FEF-EBCB-4FD0-B1CF-5E59E9F05FC0}.Debug|Any CPU.ActiveCfg = Debug|x86
		{D3A54FEF-EBCB-4FD0-B1CF-5E59E9F05FC0}.Debug|Mixed Platforms.ActiveCfg = Debug|x86
		{D3A54FEF-EBCB-4FD0-B1CF-5E59E9F05FC0}.Debug|Mixed Platforms.Build.0 = Debug|x86
		{D3A54FEF-EBCB-4FD0-B1CF-5E59E9F05FC0}.Debug|x86.ActiveCfg = Debug|x86
		{D3A54FEF-EBCB-4FD0-B1CF-5E59E9F05FC0}.Debug|x86.Build.0 = Debug|x86
		{D3A54FEF-EBCB-4FD0-B1CF-5E59E9F05FC0}.DVD-5|Any CPU.ActiveCfg = Debug|x86
		{D3A54FEF-EBCB-4FD0-B1CF-5E59E9F05FC0}.DVD-5|Mixed Platforms.ActiveCfg = Debug|x86
		{D3A54FEF-EBCB-4FD0-B1CF-5E59E9F05FC0}.DVD-5|Mixed Platforms.Build.0 = Debug|x86
		{D3A54FEF-EBCB-4FD0-B1CF-5E59E9F05FC0}.DVD-5|x86.ActiveCfg = Debug|x86
		{D3A54FEF-EBCB-4FD0-B1CF-5E59E9F05FC0}.DVD-5|x86.Build.0 = Debug|x86
		{D3A54FEF-EBCB-4FD0-B1CF-5E59E9F05FC0}.Release|Any CPU.ActiveCfg = Release|x86
		{D3A54FEF-EBCB-4FD0-B1CF-5E59E9F05FC0}.Release|Mixed Platforms.ActiveCfg = Release|x86
		{D3A54FEF-EBCB-4FD0-B1CF-5E59E9F05FC0}.Release|Mixed Platforms.Build.0 = Release|x86
		{D3A54FEF-EBCB-4FD0-B1CF-5E59E9F05FC0}.Release|x86.ActiveCfg = Release|x86
		{D3A54FEF-EBCB-4FD0-B1CF-5E59E9F05FC0}.Release|x86.Build.0 = Release|x86
		{D3A54FEF-EBCB-4FD0-B1CF-5E59E9F05FC0}.SingleImage|Any CPU.ActiveCfg = Release|x86
		{D3A54FEF-EBCB-4FD0-B1CF-5E59E9F05FC0}.SingleImage|Mixed Platforms.ActiveCfg = Release|x86
		{D3A54FEF-EBCB-4FD0-B1CF-5E59E9F05FC0}.SingleImage|Mixed Platforms.Build.0 = Release|x86
		{D3A54FEF-EBCB-4FD0-B1CF-5E59E9F05FC0}.SingleImage|x86.ActiveCfg = Release|x86
		{D3A54FEF-EBCB-4FD0-B1CF-5E59E9F05FC0}.SingleImage|x86.Build.0 = Release|x86
		{2EEB4030-E155-42C0-AF6E-33979FB88060}.CD_ROM|Any CPU.ActiveCfg = Release|x86
		{2EEB4030-E155-42C0-AF6E-33979FB88060}.CD_ROM|Mixed Platforms.ActiveCfg = Release|x86
		{2EEB4030-E155-42C0-AF6E-33979FB88060}.CD_ROM|Mixed Platforms.Build.0 = Release|x86
		{2EEB4030-E155-42C0-AF6E-33979FB88060}.CD_ROM|x86.ActiveCfg = Release|x86
		{2EEB4030-E155-42C0-AF6E-33979FB88060}.CD_ROM|x86.Build.0 = Release|x86
		{2EEB4030-E155-42C0-AF6E-33979FB88060}.Debug|Any CPU.ActiveCfg = Debug|x86
		{2EEB4030-E155-42C0-AF6E-33979FB88060}.Debug|Mixed Platforms.ActiveCfg = Debug|x86
		{2EEB4030-E155-42C0-AF6E-33979FB88060}.Debug|Mixed Platforms.Build.0 = Debug|x86
		{2EEB4030-E155-42C0-AF6E-33979FB88060}.Debug|x86.ActiveCfg = Debug|x86
		{2EEB4030-E155-42C0-AF6E-33979FB88060}.Debug|x86.Build.0 = Debug|x86
		{2EEB4030-E155-42C0-AF6E-33979FB88060}.DVD-5|Any CPU.ActiveCfg = Debug|x86
		{2EEB4030-E155-42C0-AF6E-33979FB88060}.DVD-5|Mixed Platforms.ActiveCfg = Debug|x86
		{2EEB4030-E155-42C0-AF6E-33979FB88060}.DVD-5|Mixed Platforms.Build.0 = Debug|x86
		{2EEB4030-E155-42C0-AF6E-33979FB88060}.DVD-5|x86.ActiveCfg = Debug|x86
		{2EEB4030-E155-42C0-AF6E-33979FB88060}.DVD-5|x86.Build.0 = Debug|x86
		{2EEB4030-E155-42C0-AF6E-33979FB88060}.Release|Any CPU.ActiveCfg = Release|x86
		{2EEB4030-E155-42C0-AF6E-33979FB88060}.Release|Mixed Platforms.ActiveCfg = Release|x86
		{2EEB4030-E155-42C0-AF6E-33979FB88060}.Release|Mixed Platforms.Build.0 = Release|x86
		{2EEB4030-E155-42C0-AF6E-33979FB88060}.Release|x86.ActiveCfg = Release|x86
		{2EEB4030-E155-42C0-AF6E-33979FB88060}.Release|x86.Build.0 = Release|x86
		{2EEB4030-E155-42C0-AF6E-33979FB88060}.SingleImage|Any CPU.ActiveCfg = Release|x86
		{2EEB4030-E155-42C0-AF6E-33979FB88060}.SingleImage|Mixed Platforms.ActiveCfg = Release|x86
		{2EEB4030-E155-42C0-AF6E-33979FB88060}.SingleImage|Mixed Platforms.Build.0 = Release|x86
		{2EEB4030-E155-42C0-AF6E-33979FB88060}.SingleImage|x86.ActiveCfg = Release|x86
		{2EEB4030-E155-42C0-AF6E-33979FB88060}.SingleImage|x86.Build.0 = Release|x86
		{E3201C8C-3C16-4464-BC3E-3591C2C535E7}.CD_ROM|Any CPU.ActiveCfg = Release|x86
		{E3201C8C-3C16-4464-BC3E-3591C2C535E7}.CD_ROM|Mixed Platforms.ActiveCfg = Release|x86
		{E3201C8C-3C16-4464-BC3E-3591C2C535E7}.CD_ROM|Mixed Platforms.Build.0 = Release|x86
		{E3201C8C-3C16-4464-BC3E-3591C2C535E7}.CD_ROM|x86.ActiveCfg = Release|x86
		{E3201C8C-3C16-4464-BC3E-3591C2C535E7}.CD_ROM|x86.Build.0 = Release|x86
		{E3201C8C-3C16-4464-BC3E-3591C2C535E7}.Debug|Any CPU.ActiveCfg = Debug|x86
		{E3201C8C-3C16-4464-BC3E-3591C2C535E7}.Debug|Mixed Platforms.ActiveCfg = Debug|x86
		{E3201C8C-3C16-4464-BC3E-3591C2C535E7}.Debug|Mixed Platforms.Build.0 = Debug|x86
		{E3201C8C-3C16-4464-BC3E-3591C2C535E7}.Debug|x86.ActiveCfg = Debug|x86
		{E3201C8C-3C16-4464-BC3E-3591C2C535E7}.Debug|x86.Build.0 = Debug|x86
		{E3201C8C-3C16-4464-BC3E-3591C2C535E7}.DVD-5|Any CPU.ActiveCfg = Debug|x86
		{E3201C8C-3C16-4464-BC3E-3591C2C535E7}.DVD-5|Mixed Platforms.ActiveCfg = Debug|x86
		{E3201C8C-3C16-4464-BC3E-3591C2C535E7}.DVD-5|Mixed Platforms.Build.0 = Debug|x86
		{E3201C8C-3C16-4464-BC3E-3591C2C535E7}.DVD-5|x86.ActiveCfg = Debug|x86
		{E3201C8C-3C16-4464-BC3E-3591C2C535E7}.DVD-5|x86.Build.0 = Debug|x86
		{E3201C8C-3C16-4464-BC3E-3591C2C535E7}.Release|Any CPU.ActiveCfg = Release|x86
		{E3201C8C-3C16-4464-BC3E-3591C2C535E7}.Release|Mixed Platforms.ActiveCfg = Release|x86
		{E3201C8C-3C16-4464-BC3E-3591C2C535E7}.Release|Mixed Platforms.Build.0 = Release|x86
		{E3201C8C-3C16-4464-BC3E-3591C2C535E7}.Release|x86.ActiveCfg = Release|x86
		{E3201C8C-3C16-4464-BC3E-3591C2C535E7}.Release|x86.Build.0 = Release|x86
		{E3201C8C-3C16-4464-BC3E-3591C2C535E7}.SingleImage|Any CPU.ActiveCfg = Release|x86
		{E3201C8C-3C16-4464-BC3E-3591C2C535E7}.SingleImage|Mixed Platforms.ActiveCfg = Release|x86
		{E3201C8C-3C16-4464-BC3E-3591C2C535E7}.SingleImage|Mixed Platforms.Build.0 = Release|x86
		{E3201C8C-3C16-4464-BC3E-3591C2C535E7}.SingleImage|x86.ActiveCfg = Release|x86
		{E3201C8C-3C16-4464-BC3E-3591C2C535E7}.SingleImage|x86.Build.0 = Release|x86
		{4AD95573-994E-479D-8163-6BCEC05D88F1}.CD_ROM|Any CPU.ActiveCfg = Release|x86
		{4AD95573-994E-479D-8163-6BCEC05D88F1}.CD_ROM|Mixed Platforms.ActiveCfg = Release|x86
		{4AD95573-994E-479D-8163-6BCEC05D88F1}.CD_ROM|Mixed Platforms.Build.0 = Release|x86
		{4AD95573-994E-479D-8163-6BCEC05D88F1}.CD_ROM|x86.ActiveCfg = Release|x86
		{4AD95573-994E-479D-8163-6BCEC05D88F1}.CD_ROM|x86.Build.0 = Release|x86
		{4AD95573-994E-479D-8163-6BCEC05D88F1}.Debug|Any CPU.ActiveCfg = Debug|x86
		{4AD95573-994E-479D-8163-6BCEC05D88F1}.Debug|Mixed Platforms.ActiveCfg = Debug|x86
		{4AD95573-994E-479D-8163-6BCEC05D88F1}.Debug|Mixed Platforms.Build.0 = Debug|x86
		{4AD95573-994E-479D-8163-6BCEC05D88F1}.Debug|x86.ActiveCfg = Debug|x86
		{4AD95573-994E-479D-8163-6BCEC05D88F1}.Debug|x86.Build.0 = Debug|x86
		{4AD95573-994E-479D-8163-6BCEC05D88F1}.DVD-5|Any CPU.ActiveCfg = Debug|x86
		{4AD95573-994E-479D-8163-6BCEC05D88F1}.DVD-5|Mixed Platforms.ActiveCfg = Debug|x86
		{4AD95573-994E-479D-8163-6BCEC05D88F1}.DVD-5|Mixed Platforms.Build.0 = Debug|x86
		{4AD95573-994E-479D-8163-6BCEC05D88F1}.DVD-5|x86.ActiveCfg = Debug|x86
		{4AD95573-994E-479D-8163-6BCEC05D88F1}.DVD-5|x86.Build.0 = Debug|x86
		{4AD95573-994E-479D-8163-6BCEC05D88F1}.Release|Any CPU.ActiveCfg = Release|x86
		{4AD95573-994E-479D-8163-6BCEC05D88F1}.Release|Mixed Platforms.ActiveCfg = Release|x86
		{4AD95573-994E-479D-8163-6BCEC05D88F1}.Release|Mixed Platforms.Build.0 = Release|x86
		{4AD95573-994E-479D-8163-6BCEC05D88F1}.Release|x86.ActiveCfg = Release|x86
		{4AD95573-994E-479D-8163-6BCEC05D88F1}.Release|x86.Build.0 = Release|x86
		{4AD95573-994E-479D-8163-6BCEC05D88F1}.SingleImage|Any CPU.ActiveCfg = Release|x86
		{4AD95573-994E-479D-8163-6BCEC05D88F1}.SingleImage|Mixed Platforms.ActiveCfg = Release|x86
		{4AD95573-994E-479D-8163-6BCEC05D88F1}.SingleImage|Mixed Platforms.Build.0 = Release|x86
		{4AD95573-994E-479D-8163-6BCEC05D88F1}.SingleImage|x86.ActiveCfg = Release|x86
		{4AD95573-994E-479D-8163-6BCEC05D88F1}.SingleImage|x86.Build.0 = Release|x86
	EndGlobalSection
	GlobalSection(SolutionProperties) = preSolution
		HideSolutionNode = FALSE
	EndGlobalSection
	GlobalSection(NestedProjects) = preSolution
		{2EEB4030-E155-42C0-AF6E-33979FB88060} = {6DF0760B-6E01-4B1B-941E-81376D6D76C8}
		{E3201C8C-3C16-4464-BC3E-3591C2C535E7} = {6DF0760B-6E01-4B1B-941E-81376D6D76C8}
		{D3A54FEF-EBCB-4FD0-B1CF-5E59E9F05FC0} = {6DF0760B-6E01-4B1B-941E-81376D6D76C8}
	EndGlobalSection
EndGlobal
